
Microsoft Visual Studio Solution File, Format Version 12.00
# Visual Studio 14
VisualStudioVersion = 14.0.25420.1
MinimumVisualStudioVersion = 10.0.40219.1
Project("{2150E333-8FDC-42A3-9474-1A3956D46DE8}") = "Source", "Source", "{C08891EB-F719-483F-BDE3-1A68BE500F9F}"
EndProject
Project("{2150E333-8FDC-42A3-9474-1A3956D46DE8}") = "Tests", "Tests", "{BC1EB592-2D89-41EE-ACC5-E434A12D1DE3}"
EndProject
Project("{FAE04EC0-301F-11D3-BF4B-00C04F79EFBC}") = "BGC.Web", "BGC.Web\BGC.Web.csproj", "{692E9131-A0B6-427B-9600-34BE6777700F}"
EndProject
Project("{FAE04EC0-301F-11D3-BF4B-00C04F79EFBC}") = "BGC.Web.Tests", "BGC.Web.Tests\BGC.Web.Tests.csproj", "{D9A99FFF-C3D6-40AD-9D3B-5C68A76B83F9}"
EndProject
Project("{FAE04EC0-301F-11D3-BF4B-00C04F79EFBC}") = "BGC.Data", "BGC.Data\BGC.Data.csproj", "{CE3C7A0C-BA3E-4FFC-80A3-2DC1C2FFEE7C}"
EndProject
Project("{FAE04EC0-301F-11D3-BF4B-00C04F79EFBC}") = "BGC.Core", "BGC.Core\BGC.Core.csproj", "{E3CB843A-3420-4A76-91C8-E4DB0688FEF5}"
EndProject
Project("{FAE04EC0-301F-11D3-BF4B-00C04F79EFBC}") = "BGC.Core.Tests", "BGC.Core.Tests\BGC.Core.Tests.csproj", "{93BC27AB-AF5B-4FCC-868C-48B9863A1CF1}"
EndProject
Project("{FAE04EC0-301F-11D3-BF4B-00C04F79EFBC}") = "BGC.Data.Tests", "BGC.Data.Tests\BGC.Data.Tests.csproj", "{E4263F1D-2E17-485D-8D37-9163218C87D0}"
EndProject
Project("{FAE04EC0-301F-11D3-BF4B-00C04F79EFBC}") = "BGC.Utilities", "BGC.Utilities\BGC.Utilities.csproj", "{05233E69-FF24-41D8-B779-9DD446202D8D}"
EndProject
Project("{FAE04EC0-301F-11D3-BF4B-00C04F79EFBC}") = "BGC.Utilities.Tests", "BGC.Utilities.Tests\BGC.Utilities.Tests.csproj", "{CBD7D599-8EC1-414B-A88F-5BBB816EE4E1}"
EndProject
Project("{FAE04EC0-301F-11D3-BF4B-00C04F79EFBC}") = "BGC.Services", "BGC.Services\BGC.Services.csproj", "{92D59B09-84DC-4938-B447-2DEDCC22B038}"
EndProject
Project("{FAE04EC0-301F-11D3-BF4B-00C04F79EFBC}") = "BGC.Services.Tests", "BGC.Services.Tests\BGC.Services.Tests.csproj", "{034F821B-5132-4AD2-8BAD-6563F8A0B1EE}"
EndProject
Project("{2150E333-8FDC-42A3-9474-1A3956D46DE8}") = "Solution Items", "Solution Items", "{E40198A4-A671-484F-9F3C-7E462A932624}"
	ProjectSection(SolutionItems) = preProject
		.travis.yml = .travis.yml
	EndProjectSection
EndProject
Project("{FAE04EC0-301F-11D3-BF4B-00C04F79EFBC}") = "TestUtils", "TestUtils\TestUtils.csproj", "{641DF2ED-CE8C-4266-805E-B44CA073529F}"
EndProject
Global
	GlobalSection(SolutionConfigurationPlatforms) = preSolution
		Debug|Any CPU = Debug|Any CPU
		Debug|Mixed Platforms = Debug|Mixed Platforms
		Debug|Win32 = Debug|Win32
		Release|Any CPU = Release|Any CPU
		Release|Mixed Platforms = Release|Mixed Platforms
		Release|Win32 = Release|Win32
	EndGlobalSection
	GlobalSection(ProjectConfigurationPlatforms) = postSolution
		{692E9131-A0B6-427B-9600-34BE6777700F}.Debug|Any CPU.ActiveCfg = Debug|Any CPU
		{692E9131-A0B6-427B-9600-34BE6777700F}.Debug|Any CPU.Build.0 = Debug|Any CPU
		{692E9131-A0B6-427B-9600-34BE6777700F}.Debug|Mixed Platforms.ActiveCfg = Debug|Any CPU
		{692E9131-A0B6-427B-9600-34BE6777700F}.Debug|Mixed Platforms.Build.0 = Debug|Any CPU
		{692E9131-A0B6-427B-9600-34BE6777700F}.Debug|Win32.ActiveCfg = Debug|Any CPU
		{692E9131-A0B6-427B-9600-34BE6777700F}.Release|Any CPU.ActiveCfg = Release|Any CPU
		{692E9131-A0B6-427B-9600-34BE6777700F}.Release|Any CPU.Build.0 = Release|Any CPU
		{692E9131-A0B6-427B-9600-34BE6777700F}.Release|Mixed Platforms.ActiveCfg = Release|Any CPU
		{692E9131-A0B6-427B-9600-34BE6777700F}.Release|Mixed Platforms.Build.0 = Release|Any CPU
		{692E9131-A0B6-427B-9600-34BE6777700F}.Release|Win32.ActiveCfg = Release|Any CPU
		{D9A99FFF-C3D6-40AD-9D3B-5C68A76B83F9}.Debug|Any CPU.ActiveCfg = Debug|Any CPU
		{D9A99FFF-C3D6-40AD-9D3B-5C68A76B83F9}.Debug|Any CPU.Build.0 = Debug|Any CPU
		{D9A99FFF-C3D6-40AD-9D3B-5C68A76B83F9}.Debug|Mixed Platforms.ActiveCfg = Debug|Any CPU
		{D9A99FFF-C3D6-40AD-9D3B-5C68A76B83F9}.Debug|Mixed Platforms.Build.0 = Debug|Any CPU
		{D9A99FFF-C3D6-40AD-9D3B-5C68A76B83F9}.Debug|Win32.ActiveCfg = Debug|Any CPU
		{D9A99FFF-C3D6-40AD-9D3B-5C68A76B83F9}.Release|Any CPU.ActiveCfg = Release|Any CPU
		{D9A99FFF-C3D6-40AD-9D3B-5C68A76B83F9}.Release|Any CPU.Build.0 = Release|Any CPU
		{D9A99FFF-C3D6-40AD-9D3B-5C68A76B83F9}.Release|Mixed Platforms.ActiveCfg = Release|Any CPU
		{D9A99FFF-C3D6-40AD-9D3B-5C68A76B83F9}.Release|Mixed Platforms.Build.0 = Release|Any CPU
		{D9A99FFF-C3D6-40AD-9D3B-5C68A76B83F9}.Release|Win32.ActiveCfg = Release|Any CPU
		{CE3C7A0C-BA3E-4FFC-80A3-2DC1C2FFEE7C}.Debug|Any CPU.ActiveCfg = Debug|Any CPU
		{CE3C7A0C-BA3E-4FFC-80A3-2DC1C2FFEE7C}.Debug|Any CPU.Build.0 = Debug|Any CPU
		{CE3C7A0C-BA3E-4FFC-80A3-2DC1C2FFEE7C}.Debug|Mixed Platforms.ActiveCfg = Debug|Any CPU
		{CE3C7A0C-BA3E-4FFC-80A3-2DC1C2FFEE7C}.Debug|Mixed Platforms.Build.0 = Debug|Any CPU
		{CE3C7A0C-BA3E-4FFC-80A3-2DC1C2FFEE7C}.Debug|Win32.ActiveCfg = Debug|Any CPU
		{CE3C7A0C-BA3E-4FFC-80A3-2DC1C2FFEE7C}.Release|Any CPU.ActiveCfg = Release|Any CPU
		{CE3C7A0C-BA3E-4FFC-80A3-2DC1C2FFEE7C}.Release|Any CPU.Build.0 = Release|Any CPU
		{CE3C7A0C-BA3E-4FFC-80A3-2DC1C2FFEE7C}.Release|Mixed Platforms.ActiveCfg = Release|Any CPU
		{CE3C7A0C-BA3E-4FFC-80A3-2DC1C2FFEE7C}.Release|Mixed Platforms.Build.0 = Release|Any CPU
		{CE3C7A0C-BA3E-4FFC-80A3-2DC1C2FFEE7C}.Release|Win32.ActiveCfg = Release|Any CPU
		{E3CB843A-3420-4A76-91C8-E4DB0688FEF5}.Debug|Any CPU.ActiveCfg = Debug|Any CPU
		{E3CB843A-3420-4A76-91C8-E4DB0688FEF5}.Debug|Any CPU.Build.0 = Debug|Any CPU
		{E3CB843A-3420-4A76-91C8-E4DB0688FEF5}.Debug|Mixed Platforms.ActiveCfg = Debug|Any CPU
		{E3CB843A-3420-4A76-91C8-E4DB0688FEF5}.Debug|Mixed Platforms.Build.0 = Debug|Any CPU
		{E3CB843A-3420-4A76-91C8-E4DB0688FEF5}.Debug|Win32.ActiveCfg = Debug|Any CPU
		{E3CB843A-3420-4A76-91C8-E4DB0688FEF5}.Release|Any CPU.ActiveCfg = Release|Any CPU
		{E3CB843A-3420-4A76-91C8-E4DB0688FEF5}.Release|Any CPU.Build.0 = Release|Any CPU
		{E3CB843A-3420-4A76-91C8-E4DB0688FEF5}.Release|Mixed Platforms.ActiveCfg = Release|Any CPU
		{E3CB843A-3420-4A76-91C8-E4DB0688FEF5}.Release|Mixed Platforms.Build.0 = Release|Any CPU
		{E3CB843A-3420-4A76-91C8-E4DB0688FEF5}.Release|Win32.ActiveCfg = Release|Any CPU
		{93BC27AB-AF5B-4FCC-868C-48B9863A1CF1}.Debug|Any CPU.ActiveCfg = Debug|Any CPU
		{93BC27AB-AF5B-4FCC-868C-48B9863A1CF1}.Debug|Any CPU.Build.0 = Debug|Any CPU
		{93BC27AB-AF5B-4FCC-868C-48B9863A1CF1}.Debug|Mixed Platforms.ActiveCfg = Debug|Any CPU
		{93BC27AB-AF5B-4FCC-868C-48B9863A1CF1}.Debug|Mixed Platforms.Build.0 = Debug|Any CPU
		{93BC27AB-AF5B-4FCC-868C-48B9863A1CF1}.Debug|Win32.ActiveCfg = Debug|Any CPU
		{93BC27AB-AF5B-4FCC-868C-48B9863A1CF1}.Release|Any CPU.ActiveCfg = Release|Any CPU
		{93BC27AB-AF5B-4FCC-868C-48B9863A1CF1}.Release|Any CPU.Build.0 = Release|Any CPU
		{93BC27AB-AF5B-4FCC-868C-48B9863A1CF1}.Release|Mixed Platforms.ActiveCfg = Release|Any CPU
		{93BC27AB-AF5B-4FCC-868C-48B9863A1CF1}.Release|Mixed Platforms.Build.0 = Release|Any CPU
		{93BC27AB-AF5B-4FCC-868C-48B9863A1CF1}.Release|Win32.ActiveCfg = Release|Any CPU
		{E4263F1D-2E17-485D-8D37-9163218C87D0}.Debug|Any CPU.ActiveCfg = Debug|Any CPU
		{E4263F1D-2E17-485D-8D37-9163218C87D0}.Debug|Any CPU.Build.0 = Debug|Any CPU
		{E4263F1D-2E17-485D-8D37-9163218C87D0}.Debug|Mixed Platforms.ActiveCfg = Debug|Any CPU
		{E4263F1D-2E17-485D-8D37-9163218C87D0}.Debug|Mixed Platforms.Build.0 = Debug|Any CPU
		{E4263F1D-2E17-485D-8D37-9163218C87D0}.Debug|Win32.ActiveCfg = Debug|Any CPU
		{E4263F1D-2E17-485D-8D37-9163218C87D0}.Release|Any CPU.ActiveCfg = Release|Any CPU
		{E4263F1D-2E17-485D-8D37-9163218C87D0}.Release|Any CPU.Build.0 = Release|Any CPU
		{E4263F1D-2E17-485D-8D37-9163218C87D0}.Release|Mixed Platforms.ActiveCfg = Release|Any CPU
		{E4263F1D-2E17-485D-8D37-9163218C87D0}.Release|Mixed Platforms.Build.0 = Release|Any CPU
		{E4263F1D-2E17-485D-8D37-9163218C87D0}.Release|Win32.ActiveCfg = Release|Any CPU
		{05233E69-FF24-41D8-B779-9DD446202D8D}.Debug|Any CPU.ActiveCfg = Debug|Any CPU
		{05233E69-FF24-41D8-B779-9DD446202D8D}.Debug|Any CPU.Build.0 = Debug|Any CPU
		{05233E69-FF24-41D8-B779-9DD446202D8D}.Debug|Mixed Platforms.ActiveCfg = Debug|Any CPU
		{05233E69-FF24-41D8-B779-9DD446202D8D}.Debug|Mixed Platforms.Build.0 = Debug|Any CPU
		{05233E69-FF24-41D8-B779-9DD446202D8D}.Debug|Win32.ActiveCfg = Debug|Any CPU
		{05233E69-FF24-41D8-B779-9DD446202D8D}.Release|Any CPU.ActiveCfg = Release|Any CPU
		{05233E69-FF24-41D8-B779-9DD446202D8D}.Release|Any CPU.Build.0 = Release|Any CPU
		{05233E69-FF24-41D8-B779-9DD446202D8D}.Release|Mixed Platforms.ActiveCfg = Release|Any CPU
		{05233E69-FF24-41D8-B779-9DD446202D8D}.Release|Mixed Platforms.Build.0 = Release|Any CPU
		{05233E69-FF24-41D8-B779-9DD446202D8D}.Release|Win32.ActiveCfg = Release|Any CPU
		{CBD7D599-8EC1-414B-A88F-5BBB816EE4E1}.Debug|Any CPU.ActiveCfg = Debug|Any CPU
		{CBD7D599-8EC1-414B-A88F-5BBB816EE4E1}.Debug|Any CPU.Build.0 = Debug|Any CPU
		{CBD7D599-8EC1-414B-A88F-5BBB816EE4E1}.Debug|Mixed Platforms.ActiveCfg = Debug|Any CPU
		{CBD7D599-8EC1-414B-A88F-5BBB816EE4E1}.Debug|Mixed Platforms.Build.0 = Debug|Any CPU
		{CBD7D599-8EC1-414B-A88F-5BBB816EE4E1}.Debug|Win32.ActiveCfg = Debug|Any CPU
		{CBD7D599-8EC1-414B-A88F-5BBB816EE4E1}.Release|Any CPU.ActiveCfg = Release|Any CPU
		{CBD7D599-8EC1-414B-A88F-5BBB816EE4E1}.Release|Any CPU.Build.0 = Release|Any CPU
		{CBD7D599-8EC1-414B-A88F-5BBB816EE4E1}.Release|Mixed Platforms.ActiveCfg = Release|Any CPU
		{CBD7D599-8EC1-414B-A88F-5BBB816EE4E1}.Release|Mixed Platforms.Build.0 = Release|Any CPU
		{CBD7D599-8EC1-414B-A88F-5BBB816EE4E1}.Release|Win32.ActiveCfg = Release|Any CPU
		{92D59B09-84DC-4938-B447-2DEDCC22B038}.Debug|Any CPU.ActiveCfg = Debug|Any CPU
		{92D59B09-84DC-4938-B447-2DEDCC22B038}.Debug|Any CPU.Build.0 = Debug|Any CPU
		{92D59B09-84DC-4938-B447-2DEDCC22B038}.Debug|Mixed Platforms.ActiveCfg = Debug|Any CPU
		{92D59B09-84DC-4938-B447-2DEDCC22B038}.Debug|Mixed Platforms.Build.0 = Debug|Any CPU
		{92D59B09-84DC-4938-B447-2DEDCC22B038}.Debug|Win32.ActiveCfg = Debug|Any CPU
		{92D59B09-84DC-4938-B447-2DEDCC22B038}.Release|Any CPU.ActiveCfg = Release|Any CPU
		{92D59B09-84DC-4938-B447-2DEDCC22B038}.Release|Any CPU.Build.0 = Release|Any CPU
		{92D59B09-84DC-4938-B447-2DEDCC22B038}.Release|Mixed Platforms.ActiveCfg = Release|Any CPU
		{92D59B09-84DC-4938-B447-2DEDCC22B038}.Release|Mixed Platforms.Build.0 = Release|Any CPU
		{92D59B09-84DC-4938-B447-2DEDCC22B038}.Release|Win32.ActiveCfg = Release|Any CPU
		{034F821B-5132-4AD2-8BAD-6563F8A0B1EE}.Debug|Any CPU.ActiveCfg = Debug|Any CPU
		{034F821B-5132-4AD2-8BAD-6563F8A0B1EE}.Debug|Any CPU.Build.0 = Debug|Any CPU
		{034F821B-5132-4AD2-8BAD-6563F8A0B1EE}.Debug|Mixed Platforms.ActiveCfg = Debug|Any CPU
		{034F821B-5132-4AD2-8BAD-6563F8A0B1EE}.Debug|Mixed Platforms.Build.0 = Debug|Any CPU
		{034F821B-5132-4AD2-8BAD-6563F8A0B1EE}.Debug|Win32.ActiveCfg = Debug|Any CPU
		{034F821B-5132-4AD2-8BAD-6563F8A0B1EE}.Release|Any CPU.ActiveCfg = Release|Any CPU
		{034F821B-5132-4AD2-8BAD-6563F8A0B1EE}.Release|Any CPU.Build.0 = Release|Any CPU
		{034F821B-5132-4AD2-8BAD-6563F8A0B1EE}.Release|Mixed Platforms.ActiveCfg = Release|Any CPU
		{034F821B-5132-4AD2-8BAD-6563F8A0B1EE}.Release|Mixed Platforms.Build.0 = Release|Any CPU
		{034F821B-5132-4AD2-8BAD-6563F8A0B1EE}.Release|Win32.ActiveCfg = Release|Any CPU
		{641DF2ED-CE8C-4266-805E-B44CA073529F}.Debug|Any CPU.ActiveCfg = Debug|Any CPU
		{641DF2ED-CE8C-4266-805E-B44CA073529F}.Debug|Any CPU.Build.0 = Debug|Any CPU
		{641DF2ED-CE8C-4266-805E-B44CA073529F}.Debug|Mixed Platforms.ActiveCfg = Debug|Any CPU
		{641DF2ED-CE8C-4266-805E-B44CA073529F}.Debug|Mixed Platforms.Build.0 = Debug|Any CPU
		{641DF2ED-CE8C-4266-805E-B44CA073529F}.Debug|Win32.ActiveCfg = Debug|Any CPU
		{641DF2ED-CE8C-4266-805E-B44CA073529F}.Debug|Win32.Build.0 = Debug|Any CPU
		{641DF2ED-CE8C-4266-805E-B44CA073529F}.Release|Any CPU.ActiveCfg = Release|Any CPU
		{641DF2ED-CE8C-4266-805E-B44CA073529F}.Release|Any CPU.Build.0 = Release|Any CPU
		{641DF2ED-CE8C-4266-805E-B44CA073529F}.Release|Mixed Platforms.ActiveCfg = Release|Any CPU
		{641DF2ED-CE8C-4266-805E-B44CA073529F}.Release|Mixed Platforms.Build.0 = Release|Any CPU
		{641DF2ED-CE8C-4266-805E-B44CA073529F}.Release|Win32.ActiveCfg = Release|Any CPU
		{641DF2ED-CE8C-4266-805E-B44CA073529F}.Release|Win32.Build.0 = Release|Any CPU
	EndGlobalSection
	GlobalSection(SolutionProperties) = preSolution
		HideSolutionNode = FALSE
	EndGlobalSection
	GlobalSection(NestedProjects) = preSolution
		{692E9131-A0B6-427B-9600-34BE6777700F} = {C08891EB-F719-483F-BDE3-1A68BE500F9F}
		{D9A99FFF-C3D6-40AD-9D3B-5C68A76B83F9} = {BC1EB592-2D89-41EE-ACC5-E434A12D1DE3}
		{CE3C7A0C-BA3E-4FFC-80A3-2DC1C2FFEE7C} = {C08891EB-F719-483F-BDE3-1A68BE500F9F}
		{E3CB843A-3420-4A76-91C8-E4DB0688FEF5} = {C08891EB-F719-483F-BDE3-1A68BE500F9F}
		{93BC27AB-AF5B-4FCC-868C-48B9863A1CF1} = {BC1EB592-2D89-41EE-ACC5-E434A12D1DE3}
		{E4263F1D-2E17-485D-8D37-9163218C87D0} = {BC1EB592-2D89-41EE-ACC5-E434A12D1DE3}
		{05233E69-FF24-41D8-B779-9DD446202D8D} = {C08891EB-F719-483F-BDE3-1A68BE500F9F}
		{CBD7D599-8EC1-414B-A88F-5BBB816EE4E1} = {BC1EB592-2D89-41EE-ACC5-E434A12D1DE3}
		{92D59B09-84DC-4938-B447-2DEDCC22B038} = {C08891EB-F719-483F-BDE3-1A68BE500F9F}
		{034F821B-5132-4AD2-8BAD-6563F8A0B1EE} = {BC1EB592-2D89-41EE-ACC5-E434A12D1DE3}
		{641DF2ED-CE8C-4266-805E-B44CA073529F} = {BC1EB592-2D89-41EE-ACC5-E434A12D1DE3}
	EndGlobalSection
EndGlobal
