
Microsoft Visual Studio Solution File, Format Version 12.00
# Visual Studio 2013
VisualStudioVersion = 12.0.31101.0
MinimumVisualStudioVersion = 10.0.40219.1
Project("{FAE04EC0-301F-11D3-BF4B-00C04F79EFBC}") = "BGC.Web", "BGC.Web\BGC.Web.csproj", "{692E9131-A0B6-427B-9600-34BE6777700F}"
EndProject
Project("{FAE04EC0-301F-11D3-BF4B-00C04F79EFBC}") = "BGC.Web.Tests", "BGC.Web.Tests\BGC.Web.Tests.csproj", "{D9A99FFF-C3D6-40AD-9D3B-5C68A76B83F9}"
EndProject
Project("{FAE04EC0-301F-11D3-BF4B-00C04F79EFBC}") = "BGC.Data", "BGC.Data\BGC.Data.csproj", "{CE3C7A0C-BA3E-4FFC-80A3-2DC1C2FFEE7C}"
EndProject
Project("{FAE04EC0-301F-11D3-BF4B-00C04F79EFBC}") = "BGC.Core", "BGC.Core\BGC.Core.csproj", "{E3CB843A-3420-4A76-91C8-E4DB0688FEF5}"
EndProject
Global
	GlobalSection(SolutionConfigurationPlatforms) = preSolution
		Debug|Any CPU = Debug|Any CPU
		Debug|Mixed Platforms = Debug|Mixed Platforms
		Debug|Win32 = Debug|Win32
		Release|Any CPU = Release|Any CPU
		Release|Mixed Platforms = Release|Mixed Platforms
		Release|Win32 = Release|Win32
	EndGlobalSection
	GlobalSection(ProjectConfigurationPlatforms) = postSolution
		{692E9131-A0B6-427B-9600-34BE6777700F}.Debug|Any CPU.ActiveCfg = Debug|Any CPU
		{692E9131-A0B6-427B-9600-34BE6777700F}.Debug|Any CPU.Build.0 = Debug|Any CPU
		{692E9131-A0B6-427B-9600-34BE6777700F}.Debug|Mixed Platforms.ActiveCfg = Debug|Any CPU
		{692E9131-A0B6-427B-9600-34BE6777700F}.Debug|Mixed Platforms.Build.0 = Debug|Any CPU
		{692E9131-A0B6-427B-9600-34BE6777700F}.Debug|Win32.ActiveCfg = Debug|Any CPU
		{692E9131-A0B6-427B-9600-34BE6777700F}.Release|Any CPU.ActiveCfg = Release|Any CPU
		{692E9131-A0B6-427B-9600-34BE6777700F}.Release|Any CPU.Build.0 = Release|Any CPU
		{692E9131-A0B6-427B-9600-34BE6777700F}.Release|Mixed Platforms.ActiveCfg = Release|Any CPU
		{692E9131-A0B6-427B-9600-34BE6777700F}.Release|Mixed Platforms.Build.0 = Release|Any CPU
		{692E9131-A0B6-427B-9600-34BE6777700F}.Release|Win32.ActiveCfg = Release|Any CPU
		{D9A99FFF-C3D6-40AD-9D3B-5C68A76B83F9}.Debug|Any CPU.ActiveCfg = Debug|Any CPU
		{D9A99FFF-C3D6-40AD-9D3B-5C68A76B83F9}.Debug|Any CPU.Build.0 = Debug|Any CPU
		{D9A99FFF-C3D6-40AD-9D3B-5C68A76B83F9}.Debug|Mixed Platforms.ActiveCfg = Debug|Any CPU
		{D9A99FFF-C3D6-40AD-9D3B-5C68A76B83F9}.Debug|Mixed Platforms.Build.0 = Debug|Any CPU
		{D9A99FFF-C3D6-40AD-9D3B-5C68A76B83F9}.Debug|Win32.ActiveCfg = Debug|Any CPU
		{D9A99FFF-C3D6-40AD-9D3B-5C68A76B83F9}.Release|Any CPU.ActiveCfg = Release|Any CPU
		{D9A99FFF-C3D6-40AD-9D3B-5C68A76B83F9}.Release|Any CPU.Build.0 = Release|Any CPU
		{D9A99FFF-C3D6-40AD-9D3B-5C68A76B83F9}.Release|Mixed Platforms.ActiveCfg = Release|Any CPU
		{D9A99FFF-C3D6-40AD-9D3B-5C68A76B83F9}.Release|Mixed Platforms.Build.0 = Release|Any CPU
		{D9A99FFF-C3D6-40AD-9D3B-5C68A76B83F9}.Release|Win32.ActiveCfg = Release|Any CPU
		{CE3C7A0C-BA3E-4FFC-80A3-2DC1C2FFEE7C}.Debug|Any CPU.ActiveCfg = Debug|Any CPU
		{CE3C7A0C-BA3E-4FFC-80A3-2DC1C2FFEE7C}.Debug|Any CPU.Build.0 = Debug|Any CPU
		{CE3C7A0C-BA3E-4FFC-80A3-2DC1C2FFEE7C}.Debug|Mixed Platforms.ActiveCfg = Debug|Any CPU
		{CE3C7A0C-BA3E-4FFC-80A3-2DC1C2FFEE7C}.Debug|Mixed Platforms.Build.0 = Debug|Any CPU
		{CE3C7A0C-BA3E-4FFC-80A3-2DC1C2FFEE7C}.Debug|Win32.ActiveCfg = Debug|Any CPU
		{CE3C7A0C-BA3E-4FFC-80A3-2DC1C2FFEE7C}.Release|Any CPU.ActiveCfg = Release|Any CPU
		{CE3C7A0C-BA3E-4FFC-80A3-2DC1C2FFEE7C}.Release|Any CPU.Build.0 = Release|Any CPU
		{CE3C7A0C-BA3E-4FFC-80A3-2DC1C2FFEE7C}.Release|Mixed Platforms.ActiveCfg = Release|Any CPU
		{CE3C7A0C-BA3E-4FFC-80A3-2DC1C2FFEE7C}.Release|Mixed Platforms.Build.0 = Release|Any CPU
		{CE3C7A0C-BA3E-4FFC-80A3-2DC1C2FFEE7C}.Release|Win32.ActiveCfg = Release|Any CPU
		{E3CB843A-3420-4A76-91C8-E4DB0688FEF5}.Debug|Any CPU.ActiveCfg = Debug|Any CPU
		{E3CB843A-3420-4A76-91C8-E4DB0688FEF5}.Debug|Any CPU.Build.0 = Debug|Any CPU
		{E3CB843A-3420-4A76-91C8-E4DB0688FEF5}.Debug|Mixed Platforms.ActiveCfg = Debug|Any CPU
		{E3CB843A-3420-4A76-91C8-E4DB0688FEF5}.Debug|Mixed Platforms.Build.0 = Debug|Any CPU
		{E3CB843A-3420-4A76-91C8-E4DB0688FEF5}.Debug|Win32.ActiveCfg = Debug|Any CPU
		{E3CB843A-3420-4A76-91C8-E4DB0688FEF5}.Release|Any CPU.ActiveCfg = Release|Any CPU
		{E3CB843A-3420-4A76-91C8-E4DB0688FEF5}.Release|Any CPU.Build.0 = Release|Any CPU
		{E3CB843A-3420-4A76-91C8-E4DB0688FEF5}.Release|Mixed Platforms.ActiveCfg = Release|Any CPU
		{E3CB843A-3420-4A76-91C8-E4DB0688FEF5}.Release|Mixed Platforms.Build.0 = Release|Any CPU
		{E3CB843A-3420-4A76-91C8-E4DB0688FEF5}.Release|Win32.ActiveCfg = Release|Any CPU
	EndGlobalSection
	GlobalSection(SolutionProperties) = preSolution
		HideSolutionNode = FALSE
	EndGlobalSection
EndGlobal
